
Microsoft Visual Studio Solution File, Format Version 11.00
# Visual Studio 2010
Project("{8BC9CEB8-8B4A-11D0-8D11-00A0C91BC942}") = "pipemonitor", "pipemonitor\pipemonitor.vcxproj", "{BEDA66CF-FEBA-47A1-9FDD-1A59772848A8}"
EndProject
Project("{8BC9CEB8-8B4A-11D0-8D11-00A0C91BC942}") = "injectdll", "injectdll\injectdll.vcxproj", "{1BE0A667-E4AD-401C-9896-09BC67057567}"
EndProject
Project("{8BC9CEB8-8B4A-11D0-8D11-00A0C91BC942}") = "demon", "demon\demon.vcxproj", "{031FBB27-3364-4F15-AC92-AB38121317CE}"
EndProject
Project("{8BC9CEB8-8B4A-11D0-8D11-00A0C91BC942}") = "fackclient", "fackclient\fackclient.vcxproj", "{75D39C3C-01DC-4DF9-8266-8D8B106077E9}"
EndProject
Project("{8BC9CEB8-8B4A-11D0-8D11-00A0C91BC942}") = "doctor", "doctor\doctor.vcxproj", "{6A31E981-CDE5-4312-92E3-96A00779A0B5}"
EndProject
Project("{8BC9CEB8-8B4A-11D0-8D11-00A0C91BC942}") = "window", "window\window.vcxproj", "{8724C15B-41B1-4D40-9F84-AB8CA808EA27}"
EndProject
Global
	GlobalSection(SolutionConfigurationPlatforms) = preSolution
		Debug|Win32 = Debug|Win32
		Release|Win32 = Release|Win32
	EndGlobalSection
	GlobalSection(ProjectConfigurationPlatforms) = postSolution
		{BEDA66CF-FEBA-47A1-9FDD-1A59772848A8}.Debug|Win32.ActiveCfg = Debug|Win32
		{BEDA66CF-FEBA-47A1-9FDD-1A59772848A8}.Debug|Win32.Build.0 = Debug|Win32
		{BEDA66CF-FEBA-47A1-9FDD-1A59772848A8}.Release|Win32.ActiveCfg = Release|Win32
		{BEDA66CF-FEBA-47A1-9FDD-1A59772848A8}.Release|Win32.Build.0 = Release|Win32
		{1BE0A667-E4AD-401C-9896-09BC67057567}.Debug|Win32.ActiveCfg = Debug|Win32
		{1BE0A667-E4AD-401C-9896-09BC67057567}.Debug|Win32.Build.0 = Debug|Win32
		{1BE0A667-E4AD-401C-9896-09BC67057567}.Release|Win32.ActiveCfg = Release|Win32
		{1BE0A667-E4AD-401C-9896-09BC67057567}.Release|Win32.Build.0 = Release|Win32
		{031FBB27-3364-4F15-AC92-AB38121317CE}.Debug|Win32.ActiveCfg = Debug|Win32
		{031FBB27-3364-4F15-AC92-AB38121317CE}.Debug|Win32.Build.0 = Debug|Win32
		{031FBB27-3364-4F15-AC92-AB38121317CE}.Release|Win32.ActiveCfg = Release|Win32
		{031FBB27-3364-4F15-AC92-AB38121317CE}.Release|Win32.Build.0 = Release|Win32
		{75D39C3C-01DC-4DF9-8266-8D8B106077E9}.Debug|Win32.ActiveCfg = Debug|Win32
		{75D39C3C-01DC-4DF9-8266-8D8B106077E9}.Debug|Win32.Build.0 = Debug|Win32
		{75D39C3C-01DC-4DF9-8266-8D8B106077E9}.Release|Win32.ActiveCfg = Release|Win32
		{75D39C3C-01DC-4DF9-8266-8D8B106077E9}.Release|Win32.Build.0 = Release|Win32
		{6A31E981-CDE5-4312-92E3-96A00779A0B5}.Debug|Win32.ActiveCfg = Debug|Win32
		{6A31E981-CDE5-4312-92E3-96A00779A0B5}.Debug|Win32.Build.0 = Debug|Win32
		{6A31E981-CDE5-4312-92E3-96A00779A0B5}.Release|Win32.ActiveCfg = Release|Win32
		{6A31E981-CDE5-4312-92E3-96A00779A0B5}.Release|Win32.Build.0 = Release|Win32
		{8724C15B-41B1-4D40-9F84-AB8CA808EA27}.Debug|Win32.ActiveCfg = Debug|Win32
		{8724C15B-41B1-4D40-9F84-AB8CA808EA27}.Debug|Win32.Build.0 = Debug|Win32
		{8724C15B-41B1-4D40-9F84-AB8CA808EA27}.Release|Win32.ActiveCfg = Release|Win32
		{8724C15B-41B1-4D40-9F84-AB8CA808EA27}.Release|Win32.Build.0 = Release|Win32
	EndGlobalSection
	GlobalSection(SolutionProperties) = preSolution
		HideSolutionNode = FALSE
	EndGlobalSection
EndGlobal
