
Microsoft Visual Studio Solution File, Format Version 11.00
# Visual Studio 2010
Project("{8BC9CEB8-8B4A-11D0-8D11-00A0C91BC942}") = "injectdll", "injectdll\injectdll.vcxproj", "{1BE0A667-E4AD-401C-9896-09BC67057567}"
EndProject
Project("{8BC9CEB8-8B4A-11D0-8D11-00A0C91BC942}") = "window", "window\window.vcxproj", "{8724C15B-41B1-4D40-9F84-AB8CA808EA27}"
EndProject
Global
	GlobalSection(SolutionConfigurationPlatforms) = preSolution
		Debug|Win32 = Debug|Win32
		Release|Win32 = Release|Win32
	EndGlobalSection
	GlobalSection(ProjectConfigurationPlatforms) = postSolution
		{1BE0A667-E4AD-401C-9896-09BC67057567}.Debug|Win32.ActiveCfg = Debug|Win32
		{1BE0A667-E4AD-401C-9896-09BC67057567}.Debug|Win32.Build.0 = Debug|Win32
		{1BE0A667-E4AD-401C-9896-09BC67057567}.Release|Win32.ActiveCfg = Release|Win32
		{1BE0A667-E4AD-401C-9896-09BC67057567}.Release|Win32.Build.0 = Release|Win32
		{8724C15B-41B1-4D40-9F84-AB8CA808EA27}.Debug|Win32.ActiveCfg = Debug|Win32
		{8724C15B-41B1-4D40-9F84-AB8CA808EA27}.Debug|Win32.Build.0 = Debug|Win32
		{8724C15B-41B1-4D40-9F84-AB8CA808EA27}.Release|Win32.ActiveCfg = Release|Win32
		{8724C15B-41B1-4D40-9F84-AB8CA808EA27}.Release|Win32.Build.0 = Release|Win32
	EndGlobalSection
	GlobalSection(SolutionProperties) = preSolution
		HideSolutionNode = FALSE
	EndGlobalSection
EndGlobal
